{
  "meteor": {},
  "dependencies": {
    "basePackages": {
      "router": {},
      "moment": {},
      "flatstrap": {
        "git": "https://github.com/fraherm/flatstrap.git",
        "branch": "master"
      },
      "font-awesome": {
        "git": "https://github.com/nate-strauser/meteor-font-awesome.git",
        "branch": "master"
      },
      "accounts-ui-bootstrap-dropdown": {
        "version": "0.1.3"
      },
      "session-extras": {},
      "event-horizon": {},
      "user-status": {},
      "winston-loggly": {},
      "winston": {}
    },
    "packages": {
      "router": {
        "git": "https://github.com/tmeasday/meteor-router.git",
        "tag": "v0.5.3",
        "commit": "7bd3a1bdd1099625bb8b49406d9b8f961d6f4a17"
      },
      "moment": {
        "git": "https://github.com/possibilities/meteor-moment.git",
        "tag": "v1.7.0",
        "commit": "c64b6ec0e714b9556f4b6643d430b868ba69d3d7"
      },
      "flatstrap": {
        "git": "https://github.com/fraherm/flatstrap.git",
        "branch": "master",
        "commit": "f6f79e940524bdd1aa379fd708d8eda0f83dc557"
      },
      "font-awesome": {
        "git": "https://github.com/nate-strauser/meteor-font-awesome.git",
        "branch": "master",
        "commit": "7604a91ca48ea22ac4d47ec6a806421364ccdedb"
      },
      "accounts-ui-bootstrap-dropdown": {
        "git": "https://github.com/erobit/meteor-accounts-ui-bootstrap-dropdown.git",
        "tag": "v0.1.3",
        "commit": "42aa4d95070a2bd2aa200dcfd6c0edc69e3815c3"
      },
      "session-extras": {
        "git": "https://github.com/belisarius222/meteor-session-extras.git",
        "tag": "v0.3.0",
        "commit": "0c49d41009821e76f46af3ad65d0a1d5bfa8d4eb"
      },
      "event-horizon": {
        "git": "https://github.com/belisarius222/meteor-event-horizon.git",
        "tag": "v0.1.1",
        "commit": "f7d19e16bf7527c34d853a9bc9002e9be53bdb9b"
      },
      "user-status": {
        "git": "https://github.com/mizzao/meteor-user-status.git",
        "tag": "v0.1.5",
        "commit": "0169a468e57155f1d61fc2b1cd76bc9ca51c7313"
      },
      "winston-loggly": {
        "git": "https://github.com/tomrogers3/meteor-winston-loggly.git",
        "tag": "v0.0.2",
        "commit": "8110c5f52ca0bffd102403c5225d07e2c0918608"
      },
      "winston": {
        "git": "https://github.com/tomrogers3/meteor-winston.git",
        "tag": "v0.0.1",
        "commit": "eb9070a0d5f7b2c3c7dd9c1bb2647d46b2a358cb"
      },
      "page-js-ie-support": {
        "git": "https://github.com/tmeasday/meteor-page-js-ie-support.git",
        "tag": "v1.3.5",
        "commit": "b99ed8380aefd10b2afc8f18d9eed4dd0d8ea9cb"
      }
    }
  }
}
