{
  "meteor": {},
  "dependencies": {
    "basePackages": {
      "moment": {},
      "flatstrap": {},
      "device-detection": {},
      "apm": {},
      "iron-router": {},
      "accounts-ui-bootstrap-dropdown": {},
      "module-loader": {}
    },
    "packages": {
      "moment": {
        "git": "https://github.com/acreeger/meteor-moment.git",
        "tag": "v2.6.0",
        "commit": "26156df681750fd6e6ed77043eef32b6653ebbdf"
      },
      "flatstrap": {
        "git": "https://github.com/fraherm/flatstrap.git",
        "tag": "v1.0.0",
        "commit": "f6f79e940524bdd1aa379fd708d8eda0f83dc557"
      },
      "device-detection": {
        "git": "https://github.com/mystor/meteor-device-detection.git",
        "tag": "v0.1.6",
        "commit": "a7909c2319a694b9caa959164485d7413dced435"
      },
      "apm": {
        "git": "https://github.com/arunoda/meteor-apm-client.git",
        "tag": "v1.2.3",
        "commit": "b299d8506689d9f21aa3af9bfe7dc367a9dbcc3a"
      },
      "iron-router": {
        "git": "https://github.com/EventedMind/iron-router.git",
        "tag": "v0.7.1",
        "commit": "d1ffb3f06ea4c112132b030f2eb1a70b81675ecb"
      },
      "accounts-ui-bootstrap-dropdown": {
        "git": "https://github.com/erobit/meteor-accounts-ui-bootstrap-dropdown.git",
        "tag": "v0.8.3",
        "commit": "a7af8a52e4e74db020a69b158a8f992797b8b0b0"
      },
      "module-loader": {
        "git": "https://github.com/apendua/module-loader.git",
        "tag": "v0.5.1",
        "commit": "06c4f220272fb10dadec3ff431a47ce58e84cc8f"
      },
      "blaze-layout": {
        "git": "https://github.com/EventedMind/blaze-layout.git",
        "tag": "v0.2.4",
        "commit": "b40e9b0612329288d75cf52ad14a7da64bb8618f"
      }
    }
  }
}
